
Microsoft Visual Studio Solution File, Format Version 12.00
# Visual Studio Version 17
VisualStudioVersion = 17.9.34701.34
MinimumVisualStudioVersion = 10.0.40219.1
Project("{FAE04EC0-301F-11D3-BF4B-00C04F79EFBC}") = "Model_Oil", "Model_Oil\Model_Oil.csproj", "{B499A172-7C4C-49A2-837A-99D0AE128622}"
EndProject
Global
	GlobalSection(SolutionConfigurationPlatforms) = preSolution
		Debug|Any CPU = Debug|Any CPU
		Release|Any CPU = Release|Any CPU
	EndGlobalSection
	GlobalSection(ProjectConfigurationPlatforms) = postSolution
		{B499A172-7C4C-49A2-837A-99D0AE128622}.Debug|Any CPU.ActiveCfg = Debug|Any CPU
		{B499A172-7C4C-49A2-837A-99D0AE128622}.Debug|Any CPU.Build.0 = Debug|Any CPU
		{B499A172-7C4C-49A2-837A-99D0AE128622}.Release|Any CPU.ActiveCfg = Release|Any CPU
		{B499A172-7C4C-49A2-837A-99D0AE128622}.Release|Any CPU.Build.0 = Release|Any CPU
	EndGlobalSection
	GlobalSection(SolutionProperties) = preSolution
		HideSolutionNode = FALSE
	EndGlobalSection
	GlobalSection(ExtensibilityGlobals) = postSolution
		SolutionGuid = {A02C28F4-9BE6-426C-91F2-D39740BE0493}
	EndGlobalSection
EndGlobal
